
Microsoft Visual Studio Solution File, Format Version 12.00
# Visual Studio Version 16
VisualStudioVersion = 16.0.29230.47
MinimumVisualStudioVersion = 10.0.40219.1
Project("{8BC9CEB8-8B4A-11D0-8D11-00A0C91BC942}") = "IsingMonteCarlo", "IsingMonteCarlo\IsingMonteCarlo.vcxproj", "{1B65713A-2D35-430E-A2CF-639CACEEC658}"
EndProject
Project("{8BC9CEB8-8B4A-11D0-8D11-00A0C91BC942}") = "FuckCUDA", "FuckCUDA\FuckCUDA.vcxproj", "{EF079E6A-942A-4A57-A0EC-58886ACD3FA6}"
EndProject
Project("{8BC9CEB8-8B4A-11D0-8D11-00A0C91BC942}") = "SpeedTest", "SpeedTest\SpeedTest.vcxproj", "{DA80F67A-58EA-4EC1-AB68-E5C0138DACCF}"
EndProject
Project("{8BC9CEB8-8B4A-11D0-8D11-00A0C91BC942}") = "LinkTest", "LinkTest\LinkTest.vcxproj", "{9D2DFA95-43EB-4669-8464-3C53BAB5E6EC}"
EndProject
Project("{8BC9CEB8-8B4A-11D0-8D11-00A0C91BC942}") = "Ising3D", "Ising3D\Ising3D.vcxproj", "{010BE5BB-E78B-4A90-8C9D-EEFA7A8D083F}"
EndProject
Project("{8BC9CEB8-8B4A-11D0-8D11-00A0C91BC942}") = "LatticeIsing3D", "LatticeIsing3D\LatticeIsing3D.vcxproj", "{CFD329F7-B5A4-4826-956A-F2DDBAB1B2B3}"
EndProject
Global
	GlobalSection(SolutionConfigurationPlatforms) = preSolution
		Debug|x64 = Debug|x64
		Debug|x86 = Debug|x86
		Release|x64 = Release|x64
		Release|x86 = Release|x86
	EndGlobalSection
	GlobalSection(ProjectConfigurationPlatforms) = postSolution
		{1B65713A-2D35-430E-A2CF-639CACEEC658}.Debug|x64.ActiveCfg = Debug|x64
		{1B65713A-2D35-430E-A2CF-639CACEEC658}.Debug|x64.Build.0 = Debug|x64
		{1B65713A-2D35-430E-A2CF-639CACEEC658}.Debug|x86.ActiveCfg = Debug|x64
		{1B65713A-2D35-430E-A2CF-639CACEEC658}.Release|x64.ActiveCfg = Release|x64
		{1B65713A-2D35-430E-A2CF-639CACEEC658}.Release|x64.Build.0 = Release|x64
		{1B65713A-2D35-430E-A2CF-639CACEEC658}.Release|x86.ActiveCfg = Release|x64
		{EF079E6A-942A-4A57-A0EC-58886ACD3FA6}.Debug|x64.ActiveCfg = Debug|x64
		{EF079E6A-942A-4A57-A0EC-58886ACD3FA6}.Debug|x64.Build.0 = Debug|x64
		{EF079E6A-942A-4A57-A0EC-58886ACD3FA6}.Debug|x86.ActiveCfg = Debug|Win32
		{EF079E6A-942A-4A57-A0EC-58886ACD3FA6}.Debug|x86.Build.0 = Debug|Win32
		{EF079E6A-942A-4A57-A0EC-58886ACD3FA6}.Release|x64.ActiveCfg = Release|x64
		{EF079E6A-942A-4A57-A0EC-58886ACD3FA6}.Release|x64.Build.0 = Release|x64
		{EF079E6A-942A-4A57-A0EC-58886ACD3FA6}.Release|x86.ActiveCfg = Release|Win32
		{EF079E6A-942A-4A57-A0EC-58886ACD3FA6}.Release|x86.Build.0 = Release|Win32
		{DA80F67A-58EA-4EC1-AB68-E5C0138DACCF}.Debug|x64.ActiveCfg = Debug|x64
		{DA80F67A-58EA-4EC1-AB68-E5C0138DACCF}.Debug|x64.Build.0 = Debug|x64
		{DA80F67A-58EA-4EC1-AB68-E5C0138DACCF}.Debug|x86.ActiveCfg = Debug|x64
		{DA80F67A-58EA-4EC1-AB68-E5C0138DACCF}.Release|x64.ActiveCfg = Release|x64
		{DA80F67A-58EA-4EC1-AB68-E5C0138DACCF}.Release|x64.Build.0 = Release|x64
		{DA80F67A-58EA-4EC1-AB68-E5C0138DACCF}.Release|x86.ActiveCfg = Release|x64
		{9D2DFA95-43EB-4669-8464-3C53BAB5E6EC}.Debug|x64.ActiveCfg = Debug|x64
		{9D2DFA95-43EB-4669-8464-3C53BAB5E6EC}.Debug|x64.Build.0 = Debug|x64
		{9D2DFA95-43EB-4669-8464-3C53BAB5E6EC}.Debug|x86.ActiveCfg = Debug|x64
		{9D2DFA95-43EB-4669-8464-3C53BAB5E6EC}.Release|x64.ActiveCfg = Release|x64
		{9D2DFA95-43EB-4669-8464-3C53BAB5E6EC}.Release|x64.Build.0 = Release|x64
		{9D2DFA95-43EB-4669-8464-3C53BAB5E6EC}.Release|x86.ActiveCfg = Release|x64
		{010BE5BB-E78B-4A90-8C9D-EEFA7A8D083F}.Debug|x64.ActiveCfg = Debug|x64
		{010BE5BB-E78B-4A90-8C9D-EEFA7A8D083F}.Debug|x64.Build.0 = Debug|x64
		{010BE5BB-E78B-4A90-8C9D-EEFA7A8D083F}.Debug|x86.ActiveCfg = Debug|x64
		{010BE5BB-E78B-4A90-8C9D-EEFA7A8D083F}.Release|x64.ActiveCfg = Release|x64
		{010BE5BB-E78B-4A90-8C9D-EEFA7A8D083F}.Release|x64.Build.0 = Release|x64
		{010BE5BB-E78B-4A90-8C9D-EEFA7A8D083F}.Release|x86.ActiveCfg = Release|x64
		{CFD329F7-B5A4-4826-956A-F2DDBAB1B2B3}.Debug|x64.ActiveCfg = Debug|x64
		{CFD329F7-B5A4-4826-956A-F2DDBAB1B2B3}.Debug|x64.Build.0 = Debug|x64
		{CFD329F7-B5A4-4826-956A-F2DDBAB1B2B3}.Debug|x86.ActiveCfg = Debug|x64
		{CFD329F7-B5A4-4826-956A-F2DDBAB1B2B3}.Release|x64.ActiveCfg = Release|x64
		{CFD329F7-B5A4-4826-956A-F2DDBAB1B2B3}.Release|x64.Build.0 = Release|x64
		{CFD329F7-B5A4-4826-956A-F2DDBAB1B2B3}.Release|x86.ActiveCfg = Release|x64
	EndGlobalSection
	GlobalSection(SolutionProperties) = preSolution
		HideSolutionNode = FALSE
	EndGlobalSection
	GlobalSection(ExtensibilityGlobals) = postSolution
		SolutionGuid = {F8B313D4-2D04-49E3-8DD4-1AA5CF93B7C4}
	EndGlobalSection
EndGlobal
